
Microsoft Visual Studio Solution File, Format Version 12.00
# Visual Studio Version 18
VisualStudioVersion = 18.0.11012.119
MinimumVisualStudioVersion = 10.0.40219.1
Project("{FAE04EC0-301F-11D3-BF4B-00C04F79EFBC}") = "Todo.Minimalist.Api", "Todo.Minimalist.Api\Todo.Minimalist.Api.csproj", "{4A85506A-1DEE-06AD-C355-CEE61E9EF257}"
EndProject
Project("{FAE04EC0-301F-11D3-BF4B-00C04F79EFBC}") = "Todo.Minimalist.Api.Tests", "Todo.Minimalist.Api.Tests\Todo.Minimalist.Api.Tests.csproj", "{DA99F027-229F-DB21-7B4D-8402A6293AC1}"
EndProject
Global
	GlobalSection(SolutionConfigurationPlatforms) = preSolution
		Debug|Any CPU = Debug|Any CPU
		Release|Any CPU = Release|Any CPU
	EndGlobalSection
	GlobalSection(ProjectConfigurationPlatforms) = postSolution
		{4A85506A-1DEE-06AD-C355-CEE61E9EF257}.Debug|Any CPU.ActiveCfg = Debug|Any CPU
		{4A85506A-1DEE-06AD-C355-CEE61E9EF257}.Debug|Any CPU.Build.0 = Debug|Any CPU
		{4A85506A-1DEE-06AD-C355-CEE61E9EF257}.Release|Any CPU.ActiveCfg = Release|Any CPU
		{4A85506A-1DEE-06AD-C355-CEE61E9EF257}.Release|Any CPU.Build.0 = Release|Any CPU
		{DA99F027-229F-DB21-7B4D-8402A6293AC1}.Debug|Any CPU.ActiveCfg = Debug|Any CPU
		{DA99F027-229F-DB21-7B4D-8402A6293AC1}.Debug|Any CPU.Build.0 = Debug|Any CPU
		{DA99F027-229F-DB21-7B4D-8402A6293AC1}.Release|Any CPU.ActiveCfg = Release|Any CPU
		{DA99F027-229F-DB21-7B4D-8402A6293AC1}.Release|Any CPU.Build.0 = Release|Any CPU
	EndGlobalSection
	GlobalSection(SolutionProperties) = preSolution
		HideSolutionNode = FALSE
	EndGlobalSection
	GlobalSection(ExtensibilityGlobals) = postSolution
		SolutionGuid = {FF129F01-0A64-47F6-9859-00595E72D927}
	EndGlobalSection
EndGlobal
